
Microsoft Visual Studio Solution File, Format Version 12.00
# Visual Studio Version 16
VisualStudioVersion = 16.0.32510.428
MinimumVisualStudioVersion = 10.0.40219.1
Project("{9A19103F-16F7-4668-BE54-9A1E7A4F7556}") = "12D_2022", "12D_2022\12D_2022.csproj", "{30E839A3-614E-4049-8305-BDEB1CA0817C}"
EndProject
Project("{9A19103F-16F7-4668-BE54-9A1E7A4F7556}") = "NASA", "NASA\NASA.csproj", "{31A802F2-64DB-4EDC-AE2C-7BDFACB76BE0}"
EndProject
Project("{9A19103F-16F7-4668-BE54-9A1E7A4F7556}") = "JáCCma", "JáCCma\JáCCma.csproj", "{C43AFCB7-E4AB-4548-BD7B-BB1CF216D0ED}"
EndProject
Project("{9A19103F-16F7-4668-BE54-9A1E7A4F7556}") = "LezerLoveszet", "LezerLoveszet\LezerLoveszet.csproj", "{C7AAA06C-46E9-4F5A-B351-AAE2B56D1CA6}"
EndProject
Project("{9A19103F-16F7-4668-BE54-9A1E7A4F7556}") = "Uzemanyag", "Uzemanyag\Uzemanyag.csproj", "{54798369-F1DF-4C9C-B59B-478BB49C5D81}"
EndProject
Project("{9A19103F-16F7-4668-BE54-9A1E7A4F7556}") = "reversi", "reversi\reversi.csproj", "{5E18A2E7-A7CB-462F-808E-3D93E927892A}"
EndProject
Project("{9A19103F-16F7-4668-BE54-9A1E7A4F7556}") = "stringgyak", "stringgyak\stringgyak.csproj", "{E30C2D7B-433B-49CB-B009-E1BC7F8C1DD1}"
EndProject
Project("{FAE04EC0-301F-11D3-BF4B-00C04F79EFBC}") = "park", "park\park.csproj", "{2B7A03CF-8A89-45AA-BA1A-B90AD2066964}"
EndProject
Project("{9A19103F-16F7-4668-BE54-9A1E7A4F7556}") = "BukkMaraton2019", "BukkMaraton2019\BukkMaraton2019.csproj", "{7CCE96AC-B020-4CA3-B802-6FDD0B8DAC3B}"
EndProject
Project("{FAE04EC0-301F-11D3-BF4B-00C04F79EFBC}") = "BukkMaraton2019GUI", "BukkMaraton2019GUI\BukkMaraton2019GUI.csproj", "{2E767374-702F-453C-8BE2-31B5D70C71EF}"
EndProject
Project("{9A19103F-16F7-4668-BE54-9A1E7A4F7556}") = "labirintus", "labirintus\labirintus.csproj", "{BAEF28B2-8B08-4BF5-9F42-0A591B3C445F}"
EndProject
Project("{9A19103F-16F7-4668-BE54-9A1E7A4F7556}") = "polorendeles", "polorendeles\polorendeles.csproj", "{0C0B2C00-9FFB-486A-94B4-FE8AD695B841}"
EndProject
Project("{9A19103F-16F7-4668-BE54-9A1E7A4F7556}") = "vb2018", "vb2018\vb2018.csproj", "{37B6E248-92F2-4005-823F-93E92CFC1C63}"
EndProject
Project("{9A19103F-16F7-4668-BE54-9A1E7A4F7556}") = "FIFAvilagranglista", "FIFAvilagranglista\FIFAvilagranglista.csproj", "{9E3A8D30-B0DB-4A23-8F93-F07B0E4102E0}"
EndProject
Project("{9A19103F-16F7-4668-BE54-9A1E7A4F7556}") = "kosar2004", "kosar2004\kosar2004.csproj", "{26799A75-F0DC-4AC6-A1BE-ED6D1FC34B50}"
EndProject
Project("{9A19103F-16F7-4668-BE54-9A1E7A4F7556}") = "Fuvar", "Fuvar\Fuvar.csproj", "{37D29ACC-4284-431C-836F-FD14CC23F504}"
EndProject
Project("{9A19103F-16F7-4668-BE54-9A1E7A4F7556}") = "Jackie", "Jackie\Jackie.csproj", "{4A6BCA63-916F-404B-985F-4835FA006DA3}"
EndProject
Project("{FAE04EC0-301F-11D3-BF4B-00C04F79EFBC}") = "kopapirollo", "kopapirollo\kopapirollo.csproj", "{CA77859C-67B7-4B39-AB82-445BC64E65AB}"
EndProject
Project("{FAE04EC0-301F-11D3-BF4B-00C04F79EFBC}") = "kopapirollo2", "kopapirollo2\kopapirollo2.csproj", "{5F861D38-5994-47E5-B2AE-E16D021C0BAD}"
EndProject
Project("{FAE04EC0-301F-11D3-BF4B-00C04F79EFBC}") = "meccsek", "meccsek\meccsek.csproj", "{3C4C7623-F132-4AC6-B411-3C59C43BD0AE}"
EndProject
Project("{9A19103F-16F7-4668-BE54-9A1E7A4F7556}") = "rovid2006majus", "rovid2006majus\rovid2006majus.csproj", "{6B839BD7-99A6-4BE7-859A-D99F9718E0CF}"
EndProject
Project("{8BC9CEB8-8B4A-11D0-8D11-00A0C91BC942}") = "sms", "sms\sms.vcxproj", "{2CDBC3BD-2618-4B7B-B53D-72ED2660EDFB}"
EndProject
Project("{9A19103F-16F7-4668-BE54-9A1E7A4F7556}") = "sms2", "sms2\sms2.csproj", "{9314BC44-B59C-4C63-BD41-C611B12F331A}"
EndProject
Project("{9A19103F-16F7-4668-BE54-9A1E7A4F7556}") = "LondoniOlimpia", "LondoniOlimpia\LondoniOlimpia.csproj", "{F77894A6-97A2-4FFD-B45A-93A045929CB0}"
EndProject
Project("{9A19103F-16F7-4668-BE54-9A1E7A4F7556}") = "kugli", "kugli\kugli.csproj", "{865B494E-84B3-410D-932C-CC18A83D8233}"
EndProject
Project("{9A19103F-16F7-4668-BE54-9A1E7A4F7556}") = "nasa2", "nasa2\nasa2.csproj", "{31473909-60FF-409B-AF09-B81298217A41}"
EndProject
Project("{9A19103F-16F7-4668-BE54-9A1E7A4F7556}") = "proba", "proba\proba.csproj", "{F2401937-DA2D-46CD-BBED-617A12C1310D}"
EndProject
Project("{9A19103F-16F7-4668-BE54-9A1E7A4F7556}") = "Kiralynok", "Kiralynok\Kiralynok.csproj", "{52D19D39-3809-47C6-B3D5-8E5CA4775974}"
EndProject
Project("{FAE04EC0-301F-11D3-BF4B-00C04F79EFBC}") = "helyek", "helyek\helyek.csproj", "{798E2824-ADB9-4062-8A47-FD467E8926E2}"
EndProject
Project("{FAE04EC0-301F-11D3-BF4B-00C04F79EFBC}") = "korok", "korok\korok.csproj", "{103D41BF-A076-474E-A2F2-C72050FB5FC4}"
EndProject
Global
	GlobalSection(SolutionConfigurationPlatforms) = preSolution
		Debug|Any CPU = Debug|Any CPU
		Debug|x64 = Debug|x64
		Debug|x86 = Debug|x86
		Release|Any CPU = Release|Any CPU
		Release|x64 = Release|x64
		Release|x86 = Release|x86
	EndGlobalSection
	GlobalSection(ProjectConfigurationPlatforms) = postSolution
		{30E839A3-614E-4049-8305-BDEB1CA0817C}.Debug|Any CPU.ActiveCfg = Debug|Any CPU
		{30E839A3-614E-4049-8305-BDEB1CA0817C}.Debug|Any CPU.Build.0 = Debug|Any CPU
		{30E839A3-614E-4049-8305-BDEB1CA0817C}.Debug|x64.ActiveCfg = Debug|Any CPU
		{30E839A3-614E-4049-8305-BDEB1CA0817C}.Debug|x64.Build.0 = Debug|Any CPU
		{30E839A3-614E-4049-8305-BDEB1CA0817C}.Debug|x86.ActiveCfg = Debug|Any CPU
		{30E839A3-614E-4049-8305-BDEB1CA0817C}.Debug|x86.Build.0 = Debug|Any CPU
		{30E839A3-614E-4049-8305-BDEB1CA0817C}.Release|Any CPU.ActiveCfg = Release|Any CPU
		{30E839A3-614E-4049-8305-BDEB1CA0817C}.Release|Any CPU.Build.0 = Release|Any CPU
		{30E839A3-614E-4049-8305-BDEB1CA0817C}.Release|x64.ActiveCfg = Release|Any CPU
		{30E839A3-614E-4049-8305-BDEB1CA0817C}.Release|x64.Build.0 = Release|Any CPU
		{30E839A3-614E-4049-8305-BDEB1CA0817C}.Release|x86.ActiveCfg = Release|Any CPU
		{30E839A3-614E-4049-8305-BDEB1CA0817C}.Release|x86.Build.0 = Release|Any CPU
		{31A802F2-64DB-4EDC-AE2C-7BDFACB76BE0}.Debug|Any CPU.ActiveCfg = Debug|Any CPU
		{31A802F2-64DB-4EDC-AE2C-7BDFACB76BE0}.Debug|Any CPU.Build.0 = Debug|Any CPU
		{31A802F2-64DB-4EDC-AE2C-7BDFACB76BE0}.Debug|x64.ActiveCfg = Debug|Any CPU
		{31A802F2-64DB-4EDC-AE2C-7BDFACB76BE0}.Debug|x64.Build.0 = Debug|Any CPU
		{31A802F2-64DB-4EDC-AE2C-7BDFACB76BE0}.Debug|x86.ActiveCfg = Debug|Any CPU
		{31A802F2-64DB-4EDC-AE2C-7BDFACB76BE0}.Debug|x86.Build.0 = Debug|Any CPU
		{31A802F2-64DB-4EDC-AE2C-7BDFACB76BE0}.Release|Any CPU.ActiveCfg = Release|Any CPU
		{31A802F2-64DB-4EDC-AE2C-7BDFACB76BE0}.Release|Any CPU.Build.0 = Release|Any CPU
		{31A802F2-64DB-4EDC-AE2C-7BDFACB76BE0}.Release|x64.ActiveCfg = Release|Any CPU
		{31A802F2-64DB-4EDC-AE2C-7BDFACB76BE0}.Release|x64.Build.0 = Release|Any CPU
		{31A802F2-64DB-4EDC-AE2C-7BDFACB76BE0}.Release|x86.ActiveCfg = Release|Any CPU
		{31A802F2-64DB-4EDC-AE2C-7BDFACB76BE0}.Release|x86.Build.0 = Release|Any CPU
		{C43AFCB7-E4AB-4548-BD7B-BB1CF216D0ED}.Debug|Any CPU.ActiveCfg = Debug|Any CPU
		{C43AFCB7-E4AB-4548-BD7B-BB1CF216D0ED}.Debug|Any CPU.Build.0 = Debug|Any CPU
		{C43AFCB7-E4AB-4548-BD7B-BB1CF216D0ED}.Debug|x64.ActiveCfg = Debug|Any CPU
		{C43AFCB7-E4AB-4548-BD7B-BB1CF216D0ED}.Debug|x64.Build.0 = Debug|Any CPU
		{C43AFCB7-E4AB-4548-BD7B-BB1CF216D0ED}.Debug|x86.ActiveCfg = Debug|Any CPU
		{C43AFCB7-E4AB-4548-BD7B-BB1CF216D0ED}.Debug|x86.Build.0 = Debug|Any CPU
		{C43AFCB7-E4AB-4548-BD7B-BB1CF216D0ED}.Release|Any CPU.ActiveCfg = Release|Any CPU
		{C43AFCB7-E4AB-4548-BD7B-BB1CF216D0ED}.Release|Any CPU.Build.0 = Release|Any CPU
		{C43AFCB7-E4AB-4548-BD7B-BB1CF216D0ED}.Release|x64.ActiveCfg = Release|Any CPU
		{C43AFCB7-E4AB-4548-BD7B-BB1CF216D0ED}.Release|x64.Build.0 = Release|Any CPU
		{C43AFCB7-E4AB-4548-BD7B-BB1CF216D0ED}.Release|x86.ActiveCfg = Release|Any CPU
		{C43AFCB7-E4AB-4548-BD7B-BB1CF216D0ED}.Release|x86.Build.0 = Release|Any CPU
		{C7AAA06C-46E9-4F5A-B351-AAE2B56D1CA6}.Debug|Any CPU.ActiveCfg = Debug|Any CPU
		{C7AAA06C-46E9-4F5A-B351-AAE2B56D1CA6}.Debug|Any CPU.Build.0 = Debug|Any CPU
		{C7AAA06C-46E9-4F5A-B351-AAE2B56D1CA6}.Debug|x64.ActiveCfg = Debug|Any CPU
		{C7AAA06C-46E9-4F5A-B351-AAE2B56D1CA6}.Debug|x64.Build.0 = Debug|Any CPU
		{C7AAA06C-46E9-4F5A-B351-AAE2B56D1CA6}.Debug|x86.ActiveCfg = Debug|Any CPU
		{C7AAA06C-46E9-4F5A-B351-AAE2B56D1CA6}.Debug|x86.Build.0 = Debug|Any CPU
		{C7AAA06C-46E9-4F5A-B351-AAE2B56D1CA6}.Release|Any CPU.ActiveCfg = Release|Any CPU
		{C7AAA06C-46E9-4F5A-B351-AAE2B56D1CA6}.Release|Any CPU.Build.0 = Release|Any CPU
		{C7AAA06C-46E9-4F5A-B351-AAE2B56D1CA6}.Release|x64.ActiveCfg = Release|Any CPU
		{C7AAA06C-46E9-4F5A-B351-AAE2B56D1CA6}.Release|x64.Build.0 = Release|Any CPU
		{C7AAA06C-46E9-4F5A-B351-AAE2B56D1CA6}.Release|x86.ActiveCfg = Release|Any CPU
		{C7AAA06C-46E9-4F5A-B351-AAE2B56D1CA6}.Release|x86.Build.0 = Release|Any CPU
		{54798369-F1DF-4C9C-B59B-478BB49C5D81}.Debug|Any CPU.ActiveCfg = Debug|Any CPU
		{54798369-F1DF-4C9C-B59B-478BB49C5D81}.Debug|Any CPU.Build.0 = Debug|Any CPU
		{54798369-F1DF-4C9C-B59B-478BB49C5D81}.Debug|x64.ActiveCfg = Debug|Any CPU
		{54798369-F1DF-4C9C-B59B-478BB49C5D81}.Debug|x64.Build.0 = Debug|Any CPU
		{54798369-F1DF-4C9C-B59B-478BB49C5D81}.Debug|x86.ActiveCfg = Debug|Any CPU
		{54798369-F1DF-4C9C-B59B-478BB49C5D81}.Debug|x86.Build.0 = Debug|Any CPU
		{54798369-F1DF-4C9C-B59B-478BB49C5D81}.Release|Any CPU.ActiveCfg = Release|Any CPU
		{54798369-F1DF-4C9C-B59B-478BB49C5D81}.Release|Any CPU.Build.0 = Release|Any CPU
		{54798369-F1DF-4C9C-B59B-478BB49C5D81}.Release|x64.ActiveCfg = Release|Any CPU
		{54798369-F1DF-4C9C-B59B-478BB49C5D81}.Release|x64.Build.0 = Release|Any CPU
		{54798369-F1DF-4C9C-B59B-478BB49C5D81}.Release|x86.ActiveCfg = Release|Any CPU
		{54798369-F1DF-4C9C-B59B-478BB49C5D81}.Release|x86.Build.0 = Release|Any CPU
		{5E18A2E7-A7CB-462F-808E-3D93E927892A}.Debug|Any CPU.ActiveCfg = Debug|Any CPU
		{5E18A2E7-A7CB-462F-808E-3D93E927892A}.Debug|Any CPU.Build.0 = Debug|Any CPU
		{5E18A2E7-A7CB-462F-808E-3D93E927892A}.Debug|x64.ActiveCfg = Debug|Any CPU
		{5E18A2E7-A7CB-462F-808E-3D93E927892A}.Debug|x64.Build.0 = Debug|Any CPU
		{5E18A2E7-A7CB-462F-808E-3D93E927892A}.Debug|x86.ActiveCfg = Debug|Any CPU
		{5E18A2E7-A7CB-462F-808E-3D93E927892A}.Debug|x86.Build.0 = Debug|Any CPU
		{5E18A2E7-A7CB-462F-808E-3D93E927892A}.Release|Any CPU.ActiveCfg = Release|Any CPU
		{5E18A2E7-A7CB-462F-808E-3D93E927892A}.Release|Any CPU.Build.0 = Release|Any CPU
		{5E18A2E7-A7CB-462F-808E-3D93E927892A}.Release|x64.ActiveCfg = Release|Any CPU
		{5E18A2E7-A7CB-462F-808E-3D93E927892A}.Release|x64.Build.0 = Release|Any CPU
		{5E18A2E7-A7CB-462F-808E-3D93E927892A}.Release|x86.ActiveCfg = Release|Any CPU
		{5E18A2E7-A7CB-462F-808E-3D93E927892A}.Release|x86.Build.0 = Release|Any CPU
		{E30C2D7B-433B-49CB-B009-E1BC7F8C1DD1}.Debug|Any CPU.ActiveCfg = Debug|Any CPU
		{E30C2D7B-433B-49CB-B009-E1BC7F8C1DD1}.Debug|Any CPU.Build.0 = Debug|Any CPU
		{E30C2D7B-433B-49CB-B009-E1BC7F8C1DD1}.Debug|x64.ActiveCfg = Debug|Any CPU
		{E30C2D7B-433B-49CB-B009-E1BC7F8C1DD1}.Debug|x64.Build.0 = Debug|Any CPU
		{E30C2D7B-433B-49CB-B009-E1BC7F8C1DD1}.Debug|x86.ActiveCfg = Debug|Any CPU
		{E30C2D7B-433B-49CB-B009-E1BC7F8C1DD1}.Debug|x86.Build.0 = Debug|Any CPU
		{E30C2D7B-433B-49CB-B009-E1BC7F8C1DD1}.Release|Any CPU.ActiveCfg = Release|Any CPU
		{E30C2D7B-433B-49CB-B009-E1BC7F8C1DD1}.Release|Any CPU.Build.0 = Release|Any CPU
		{E30C2D7B-433B-49CB-B009-E1BC7F8C1DD1}.Release|x64.ActiveCfg = Release|Any CPU
		{E30C2D7B-433B-49CB-B009-E1BC7F8C1DD1}.Release|x64.Build.0 = Release|Any CPU
		{E30C2D7B-433B-49CB-B009-E1BC7F8C1DD1}.Release|x86.ActiveCfg = Release|Any CPU
		{E30C2D7B-433B-49CB-B009-E1BC7F8C1DD1}.Release|x86.Build.0 = Release|Any CPU
		{2B7A03CF-8A89-45AA-BA1A-B90AD2066964}.Debug|Any CPU.ActiveCfg = Debug|Any CPU
		{2B7A03CF-8A89-45AA-BA1A-B90AD2066964}.Debug|Any CPU.Build.0 = Debug|Any CPU
		{2B7A03CF-8A89-45AA-BA1A-B90AD2066964}.Debug|x64.ActiveCfg = Debug|Any CPU
		{2B7A03CF-8A89-45AA-BA1A-B90AD2066964}.Debug|x64.Build.0 = Debug|Any CPU
		{2B7A03CF-8A89-45AA-BA1A-B90AD2066964}.Debug|x86.ActiveCfg = Debug|Any CPU
		{2B7A03CF-8A89-45AA-BA1A-B90AD2066964}.Debug|x86.Build.0 = Debug|Any CPU
		{2B7A03CF-8A89-45AA-BA1A-B90AD2066964}.Release|Any CPU.ActiveCfg = Release|Any CPU
		{2B7A03CF-8A89-45AA-BA1A-B90AD2066964}.Release|Any CPU.Build.0 = Release|Any CPU
		{2B7A03CF-8A89-45AA-BA1A-B90AD2066964}.Release|x64.ActiveCfg = Release|Any CPU
		{2B7A03CF-8A89-45AA-BA1A-B90AD2066964}.Release|x64.Build.0 = Release|Any CPU
		{2B7A03CF-8A89-45AA-BA1A-B90AD2066964}.Release|x86.ActiveCfg = Release|Any CPU
		{2B7A03CF-8A89-45AA-BA1A-B90AD2066964}.Release|x86.Build.0 = Release|Any CPU
		{7CCE96AC-B020-4CA3-B802-6FDD0B8DAC3B}.Debug|Any CPU.ActiveCfg = Debug|Any CPU
		{7CCE96AC-B020-4CA3-B802-6FDD0B8DAC3B}.Debug|Any CPU.Build.0 = Debug|Any CPU
		{7CCE96AC-B020-4CA3-B802-6FDD0B8DAC3B}.Debug|x64.ActiveCfg = Debug|Any CPU
		{7CCE96AC-B020-4CA3-B802-6FDD0B8DAC3B}.Debug|x64.Build.0 = Debug|Any CPU
		{7CCE96AC-B020-4CA3-B802-6FDD0B8DAC3B}.Debug|x86.ActiveCfg = Debug|Any CPU
		{7CCE96AC-B020-4CA3-B802-6FDD0B8DAC3B}.Debug|x86.Build.0 = Debug|Any CPU
		{7CCE96AC-B020-4CA3-B802-6FDD0B8DAC3B}.Release|Any CPU.ActiveCfg = Release|Any CPU
		{7CCE96AC-B020-4CA3-B802-6FDD0B8DAC3B}.Release|Any CPU.Build.0 = Release|Any CPU
		{7CCE96AC-B020-4CA3-B802-6FDD0B8DAC3B}.Release|x64.ActiveCfg = Release|Any CPU
		{7CCE96AC-B020-4CA3-B802-6FDD0B8DAC3B}.Release|x64.Build.0 = Release|Any CPU
		{7CCE96AC-B020-4CA3-B802-6FDD0B8DAC3B}.Release|x86.ActiveCfg = Release|Any CPU
		{7CCE96AC-B020-4CA3-B802-6FDD0B8DAC3B}.Release|x86.Build.0 = Release|Any CPU
		{2E767374-702F-453C-8BE2-31B5D70C71EF}.Debug|Any CPU.ActiveCfg = Debug|Any CPU
		{2E767374-702F-453C-8BE2-31B5D70C71EF}.Debug|Any CPU.Build.0 = Debug|Any CPU
		{2E767374-702F-453C-8BE2-31B5D70C71EF}.Debug|x64.ActiveCfg = Debug|Any CPU
		{2E767374-702F-453C-8BE2-31B5D70C71EF}.Debug|x64.Build.0 = Debug|Any CPU
		{2E767374-702F-453C-8BE2-31B5D70C71EF}.Debug|x86.ActiveCfg = Debug|Any CPU
		{2E767374-702F-453C-8BE2-31B5D70C71EF}.Debug|x86.Build.0 = Debug|Any CPU
		{2E767374-702F-453C-8BE2-31B5D70C71EF}.Release|Any CPU.ActiveCfg = Release|Any CPU
		{2E767374-702F-453C-8BE2-31B5D70C71EF}.Release|Any CPU.Build.0 = Release|Any CPU
		{2E767374-702F-453C-8BE2-31B5D70C71EF}.Release|x64.ActiveCfg = Release|Any CPU
		{2E767374-702F-453C-8BE2-31B5D70C71EF}.Release|x64.Build.0 = Release|Any CPU
		{2E767374-702F-453C-8BE2-31B5D70C71EF}.Release|x86.ActiveCfg = Release|Any CPU
		{2E767374-702F-453C-8BE2-31B5D70C71EF}.Release|x86.Build.0 = Release|Any CPU
		{BAEF28B2-8B08-4BF5-9F42-0A591B3C445F}.Debug|Any CPU.ActiveCfg = Debug|Any CPU
		{BAEF28B2-8B08-4BF5-9F42-0A591B3C445F}.Debug|Any CPU.Build.0 = Debug|Any CPU
		{BAEF28B2-8B08-4BF5-9F42-0A591B3C445F}.Debug|x64.ActiveCfg = Debug|Any CPU
		{BAEF28B2-8B08-4BF5-9F42-0A591B3C445F}.Debug|x64.Build.0 = Debug|Any CPU
		{BAEF28B2-8B08-4BF5-9F42-0A591B3C445F}.Debug|x86.ActiveCfg = Debug|Any CPU
		{BAEF28B2-8B08-4BF5-9F42-0A591B3C445F}.Debug|x86.Build.0 = Debug|Any CPU
		{BAEF28B2-8B08-4BF5-9F42-0A591B3C445F}.Release|Any CPU.ActiveCfg = Release|Any CPU
		{BAEF28B2-8B08-4BF5-9F42-0A591B3C445F}.Release|Any CPU.Build.0 = Release|Any CPU
		{BAEF28B2-8B08-4BF5-9F42-0A591B3C445F}.Release|x64.ActiveCfg = Release|Any CPU
		{BAEF28B2-8B08-4BF5-9F42-0A591B3C445F}.Release|x64.Build.0 = Release|Any CPU
		{BAEF28B2-8B08-4BF5-9F42-0A591B3C445F}.Release|x86.ActiveCfg = Release|Any CPU
		{BAEF28B2-8B08-4BF5-9F42-0A591B3C445F}.Release|x86.Build.0 = Release|Any CPU
		{0C0B2C00-9FFB-486A-94B4-FE8AD695B841}.Debug|Any CPU.ActiveCfg = Debug|Any CPU
		{0C0B2C00-9FFB-486A-94B4-FE8AD695B841}.Debug|Any CPU.Build.0 = Debug|Any CPU
		{0C0B2C00-9FFB-486A-94B4-FE8AD695B841}.Debug|x64.ActiveCfg = Debug|Any CPU
		{0C0B2C00-9FFB-486A-94B4-FE8AD695B841}.Debug|x64.Build.0 = Debug|Any CPU
		{0C0B2C00-9FFB-486A-94B4-FE8AD695B841}.Debug|x86.ActiveCfg = Debug|Any CPU
		{0C0B2C00-9FFB-486A-94B4-FE8AD695B841}.Debug|x86.Build.0 = Debug|Any CPU
		{0C0B2C00-9FFB-486A-94B4-FE8AD695B841}.Release|Any CPU.ActiveCfg = Release|Any CPU
		{0C0B2C00-9FFB-486A-94B4-FE8AD695B841}.Release|Any CPU.Build.0 = Release|Any CPU
		{0C0B2C00-9FFB-486A-94B4-FE8AD695B841}.Release|x64.ActiveCfg = Release|Any CPU
		{0C0B2C00-9FFB-486A-94B4-FE8AD695B841}.Release|x64.Build.0 = Release|Any CPU
		{0C0B2C00-9FFB-486A-94B4-FE8AD695B841}.Release|x86.ActiveCfg = Release|Any CPU
		{0C0B2C00-9FFB-486A-94B4-FE8AD695B841}.Release|x86.Build.0 = Release|Any CPU
		{37B6E248-92F2-4005-823F-93E92CFC1C63}.Debug|Any CPU.ActiveCfg = Debug|Any CPU
		{37B6E248-92F2-4005-823F-93E92CFC1C63}.Debug|Any CPU.Build.0 = Debug|Any CPU
		{37B6E248-92F2-4005-823F-93E92CFC1C63}.Debug|x64.ActiveCfg = Debug|Any CPU
		{37B6E248-92F2-4005-823F-93E92CFC1C63}.Debug|x64.Build.0 = Debug|Any CPU
		{37B6E248-92F2-4005-823F-93E92CFC1C63}.Debug|x86.ActiveCfg = Debug|Any CPU
		{37B6E248-92F2-4005-823F-93E92CFC1C63}.Debug|x86.Build.0 = Debug|Any CPU
		{37B6E248-92F2-4005-823F-93E92CFC1C63}.Release|Any CPU.ActiveCfg = Release|Any CPU
		{37B6E248-92F2-4005-823F-93E92CFC1C63}.Release|Any CPU.Build.0 = Release|Any CPU
		{37B6E248-92F2-4005-823F-93E92CFC1C63}.Release|x64.ActiveCfg = Release|Any CPU
		{37B6E248-92F2-4005-823F-93E92CFC1C63}.Release|x64.Build.0 = Release|Any CPU
		{37B6E248-92F2-4005-823F-93E92CFC1C63}.Release|x86.ActiveCfg = Release|Any CPU
		{37B6E248-92F2-4005-823F-93E92CFC1C63}.Release|x86.Build.0 = Release|Any CPU
		{9E3A8D30-B0DB-4A23-8F93-F07B0E4102E0}.Debug|Any CPU.ActiveCfg = Debug|Any CPU
		{9E3A8D30-B0DB-4A23-8F93-F07B0E4102E0}.Debug|Any CPU.Build.0 = Debug|Any CPU
		{9E3A8D30-B0DB-4A23-8F93-F07B0E4102E0}.Debug|x64.ActiveCfg = Debug|Any CPU
		{9E3A8D30-B0DB-4A23-8F93-F07B0E4102E0}.Debug|x64.Build.0 = Debug|Any CPU
		{9E3A8D30-B0DB-4A23-8F93-F07B0E4102E0}.Debug|x86.ActiveCfg = Debug|Any CPU
		{9E3A8D30-B0DB-4A23-8F93-F07B0E4102E0}.Debug|x86.Build.0 = Debug|Any CPU
		{9E3A8D30-B0DB-4A23-8F93-F07B0E4102E0}.Release|Any CPU.ActiveCfg = Release|Any CPU
		{9E3A8D30-B0DB-4A23-8F93-F07B0E4102E0}.Release|Any CPU.Build.0 = Release|Any CPU
		{9E3A8D30-B0DB-4A23-8F93-F07B0E4102E0}.Release|x64.ActiveCfg = Release|Any CPU
		{9E3A8D30-B0DB-4A23-8F93-F07B0E4102E0}.Release|x64.Build.0 = Release|Any CPU
		{9E3A8D30-B0DB-4A23-8F93-F07B0E4102E0}.Release|x86.ActiveCfg = Release|Any CPU
		{9E3A8D30-B0DB-4A23-8F93-F07B0E4102E0}.Release|x86.Build.0 = Release|Any CPU
		{26799A75-F0DC-4AC6-A1BE-ED6D1FC34B50}.Debug|Any CPU.ActiveCfg = Debug|Any CPU
		{26799A75-F0DC-4AC6-A1BE-ED6D1FC34B50}.Debug|Any CPU.Build.0 = Debug|Any CPU
		{26799A75-F0DC-4AC6-A1BE-ED6D1FC34B50}.Debug|x64.ActiveCfg = Debug|Any CPU
		{26799A75-F0DC-4AC6-A1BE-ED6D1FC34B50}.Debug|x64.Build.0 = Debug|Any CPU
		{26799A75-F0DC-4AC6-A1BE-ED6D1FC34B50}.Debug|x86.ActiveCfg = Debug|Any CPU
		{26799A75-F0DC-4AC6-A1BE-ED6D1FC34B50}.Debug|x86.Build.0 = Debug|Any CPU
		{26799A75-F0DC-4AC6-A1BE-ED6D1FC34B50}.Release|Any CPU.ActiveCfg = Release|Any CPU
		{26799A75-F0DC-4AC6-A1BE-ED6D1FC34B50}.Release|Any CPU.Build.0 = Release|Any CPU
		{26799A75-F0DC-4AC6-A1BE-ED6D1FC34B50}.Release|x64.ActiveCfg = Release|Any CPU
		{26799A75-F0DC-4AC6-A1BE-ED6D1FC34B50}.Release|x64.Build.0 = Release|Any CPU
		{26799A75-F0DC-4AC6-A1BE-ED6D1FC34B50}.Release|x86.ActiveCfg = Release|Any CPU
		{26799A75-F0DC-4AC6-A1BE-ED6D1FC34B50}.Release|x86.Build.0 = Release|Any CPU
		{37D29ACC-4284-431C-836F-FD14CC23F504}.Debug|Any CPU.ActiveCfg = Debug|Any CPU
		{37D29ACC-4284-431C-836F-FD14CC23F504}.Debug|Any CPU.Build.0 = Debug|Any CPU
		{37D29ACC-4284-431C-836F-FD14CC23F504}.Debug|x64.ActiveCfg = Debug|Any CPU
		{37D29ACC-4284-431C-836F-FD14CC23F504}.Debug|x64.Build.0 = Debug|Any CPU
		{37D29ACC-4284-431C-836F-FD14CC23F504}.Debug|x86.ActiveCfg = Debug|Any CPU
		{37D29ACC-4284-431C-836F-FD14CC23F504}.Debug|x86.Build.0 = Debug|Any CPU
		{37D29ACC-4284-431C-836F-FD14CC23F504}.Release|Any CPU.ActiveCfg = Release|Any CPU
		{37D29ACC-4284-431C-836F-FD14CC23F504}.Release|Any CPU.Build.0 = Release|Any CPU
		{37D29ACC-4284-431C-836F-FD14CC23F504}.Release|x64.ActiveCfg = Release|Any CPU
		{37D29ACC-4284-431C-836F-FD14CC23F504}.Release|x64.Build.0 = Release|Any CPU
		{37D29ACC-4284-431C-836F-FD14CC23F504}.Release|x86.ActiveCfg = Release|Any CPU
		{37D29ACC-4284-431C-836F-FD14CC23F504}.Release|x86.Build.0 = Release|Any CPU
		{4A6BCA63-916F-404B-985F-4835FA006DA3}.Debug|Any CPU.ActiveCfg = Debug|Any CPU
		{4A6BCA63-916F-404B-985F-4835FA006DA3}.Debug|Any CPU.Build.0 = Debug|Any CPU
		{4A6BCA63-916F-404B-985F-4835FA006DA3}.Debug|x64.ActiveCfg = Debug|Any CPU
		{4A6BCA63-916F-404B-985F-4835FA006DA3}.Debug|x64.Build.0 = Debug|Any CPU
		{4A6BCA63-916F-404B-985F-4835FA006DA3}.Debug|x86.ActiveCfg = Debug|Any CPU
		{4A6BCA63-916F-404B-985F-4835FA006DA3}.Debug|x86.Build.0 = Debug|Any CPU
		{4A6BCA63-916F-404B-985F-4835FA006DA3}.Release|Any CPU.ActiveCfg = Release|Any CPU
		{4A6BCA63-916F-404B-985F-4835FA006DA3}.Release|Any CPU.Build.0 = Release|Any CPU
		{4A6BCA63-916F-404B-985F-4835FA006DA3}.Release|x64.ActiveCfg = Release|Any CPU
		{4A6BCA63-916F-404B-985F-4835FA006DA3}.Release|x64.Build.0 = Release|Any CPU
		{4A6BCA63-916F-404B-985F-4835FA006DA3}.Release|x86.ActiveCfg = Release|Any CPU
		{4A6BCA63-916F-404B-985F-4835FA006DA3}.Release|x86.Build.0 = Release|Any CPU
		{CA77859C-67B7-4B39-AB82-445BC64E65AB}.Debug|Any CPU.ActiveCfg = Debug|Any CPU
		{CA77859C-67B7-4B39-AB82-445BC64E65AB}.Debug|Any CPU.Build.0 = Debug|Any CPU
		{CA77859C-67B7-4B39-AB82-445BC64E65AB}.Debug|x64.ActiveCfg = Debug|Any CPU
		{CA77859C-67B7-4B39-AB82-445BC64E65AB}.Debug|x64.Build.0 = Debug|Any CPU
		{CA77859C-67B7-4B39-AB82-445BC64E65AB}.Debug|x86.ActiveCfg = Debug|Any CPU
		{CA77859C-67B7-4B39-AB82-445BC64E65AB}.Debug|x86.Build.0 = Debug|Any CPU
		{CA77859C-67B7-4B39-AB82-445BC64E65AB}.Release|Any CPU.ActiveCfg = Release|Any CPU
		{CA77859C-67B7-4B39-AB82-445BC64E65AB}.Release|Any CPU.Build.0 = Release|Any CPU
		{CA77859C-67B7-4B39-AB82-445BC64E65AB}.Release|x64.ActiveCfg = Release|Any CPU
		{CA77859C-67B7-4B39-AB82-445BC64E65AB}.Release|x64.Build.0 = Release|Any CPU
		{CA77859C-67B7-4B39-AB82-445BC64E65AB}.Release|x86.ActiveCfg = Release|Any CPU
		{CA77859C-67B7-4B39-AB82-445BC64E65AB}.Release|x86.Build.0 = Release|Any CPU
		{5F861D38-5994-47E5-B2AE-E16D021C0BAD}.Debug|Any CPU.ActiveCfg = Debug|Any CPU
		{5F861D38-5994-47E5-B2AE-E16D021C0BAD}.Debug|Any CPU.Build.0 = Debug|Any CPU
		{5F861D38-5994-47E5-B2AE-E16D021C0BAD}.Debug|x64.ActiveCfg = Debug|Any CPU
		{5F861D38-5994-47E5-B2AE-E16D021C0BAD}.Debug|x64.Build.0 = Debug|Any CPU
		{5F861D38-5994-47E5-B2AE-E16D021C0BAD}.Debug|x86.ActiveCfg = Debug|Any CPU
		{5F861D38-5994-47E5-B2AE-E16D021C0BAD}.Debug|x86.Build.0 = Debug|Any CPU
		{5F861D38-5994-47E5-B2AE-E16D021C0BAD}.Release|Any CPU.ActiveCfg = Release|Any CPU
		{5F861D38-5994-47E5-B2AE-E16D021C0BAD}.Release|Any CPU.Build.0 = Release|Any CPU
		{5F861D38-5994-47E5-B2AE-E16D021C0BAD}.Release|x64.ActiveCfg = Release|Any CPU
		{5F861D38-5994-47E5-B2AE-E16D021C0BAD}.Release|x64.Build.0 = Release|Any CPU
		{5F861D38-5994-47E5-B2AE-E16D021C0BAD}.Release|x86.ActiveCfg = Release|Any CPU
		{5F861D38-5994-47E5-B2AE-E16D021C0BAD}.Release|x86.Build.0 = Release|Any CPU
		{3C4C7623-F132-4AC6-B411-3C59C43BD0AE}.Debug|Any CPU.ActiveCfg = Debug|Any CPU
		{3C4C7623-F132-4AC6-B411-3C59C43BD0AE}.Debug|Any CPU.Build.0 = Debug|Any CPU
		{3C4C7623-F132-4AC6-B411-3C59C43BD0AE}.Debug|x64.ActiveCfg = Debug|Any CPU
		{3C4C7623-F132-4AC6-B411-3C59C43BD0AE}.Debug|x64.Build.0 = Debug|Any CPU
		{3C4C7623-F132-4AC6-B411-3C59C43BD0AE}.Debug|x86.ActiveCfg = Debug|Any CPU
		{3C4C7623-F132-4AC6-B411-3C59C43BD0AE}.Debug|x86.Build.0 = Debug|Any CPU
		{3C4C7623-F132-4AC6-B411-3C59C43BD0AE}.Release|Any CPU.ActiveCfg = Release|Any CPU
		{3C4C7623-F132-4AC6-B411-3C59C43BD0AE}.Release|Any CPU.Build.0 = Release|Any CPU
		{3C4C7623-F132-4AC6-B411-3C59C43BD0AE}.Release|x64.ActiveCfg = Release|Any CPU
		{3C4C7623-F132-4AC6-B411-3C59C43BD0AE}.Release|x64.Build.0 = Release|Any CPU
		{3C4C7623-F132-4AC6-B411-3C59C43BD0AE}.Release|x86.ActiveCfg = Release|Any CPU
		{3C4C7623-F132-4AC6-B411-3C59C43BD0AE}.Release|x86.Build.0 = Release|Any CPU
		{6B839BD7-99A6-4BE7-859A-D99F9718E0CF}.Debug|Any CPU.ActiveCfg = Debug|Any CPU
		{6B839BD7-99A6-4BE7-859A-D99F9718E0CF}.Debug|Any CPU.Build.0 = Debug|Any CPU
		{6B839BD7-99A6-4BE7-859A-D99F9718E0CF}.Debug|x64.ActiveCfg = Debug|Any CPU
		{6B839BD7-99A6-4BE7-859A-D99F9718E0CF}.Debug|x64.Build.0 = Debug|Any CPU
		{6B839BD7-99A6-4BE7-859A-D99F9718E0CF}.Debug|x86.ActiveCfg = Debug|Any CPU
		{6B839BD7-99A6-4BE7-859A-D99F9718E0CF}.Debug|x86.Build.0 = Debug|Any CPU
		{6B839BD7-99A6-4BE7-859A-D99F9718E0CF}.Release|Any CPU.ActiveCfg = Release|Any CPU
		{6B839BD7-99A6-4BE7-859A-D99F9718E0CF}.Release|Any CPU.Build.0 = Release|Any CPU
		{6B839BD7-99A6-4BE7-859A-D99F9718E0CF}.Release|x64.ActiveCfg = Release|Any CPU
		{6B839BD7-99A6-4BE7-859A-D99F9718E0CF}.Release|x64.Build.0 = Release|Any CPU
		{6B839BD7-99A6-4BE7-859A-D99F9718E0CF}.Release|x86.ActiveCfg = Release|Any CPU
		{6B839BD7-99A6-4BE7-859A-D99F9718E0CF}.Release|x86.Build.0 = Release|Any CPU
		{2CDBC3BD-2618-4B7B-B53D-72ED2660EDFB}.Debug|Any CPU.ActiveCfg = Debug|Win32
		{2CDBC3BD-2618-4B7B-B53D-72ED2660EDFB}.Debug|x64.ActiveCfg = Debug|x64
		{2CDBC3BD-2618-4B7B-B53D-72ED2660EDFB}.Debug|x64.Build.0 = Debug|x64
		{2CDBC3BD-2618-4B7B-B53D-72ED2660EDFB}.Debug|x86.ActiveCfg = Debug|Win32
		{2CDBC3BD-2618-4B7B-B53D-72ED2660EDFB}.Debug|x86.Build.0 = Debug|Win32
		{2CDBC3BD-2618-4B7B-B53D-72ED2660EDFB}.Release|Any CPU.ActiveCfg = Release|Win32
		{2CDBC3BD-2618-4B7B-B53D-72ED2660EDFB}.Release|x64.ActiveCfg = Release|x64
		{2CDBC3BD-2618-4B7B-B53D-72ED2660EDFB}.Release|x64.Build.0 = Release|x64
		{2CDBC3BD-2618-4B7B-B53D-72ED2660EDFB}.Release|x86.ActiveCfg = Release|Win32
		{2CDBC3BD-2618-4B7B-B53D-72ED2660EDFB}.Release|x86.Build.0 = Release|Win32
		{9314BC44-B59C-4C63-BD41-C611B12F331A}.Debug|Any CPU.ActiveCfg = Debug|Any CPU
		{9314BC44-B59C-4C63-BD41-C611B12F331A}.Debug|Any CPU.Build.0 = Debug|Any CPU
		{9314BC44-B59C-4C63-BD41-C611B12F331A}.Debug|x64.ActiveCfg = Debug|Any CPU
		{9314BC44-B59C-4C63-BD41-C611B12F331A}.Debug|x64.Build.0 = Debug|Any CPU
		{9314BC44-B59C-4C63-BD41-C611B12F331A}.Debug|x86.ActiveCfg = Debug|Any CPU
		{9314BC44-B59C-4C63-BD41-C611B12F331A}.Debug|x86.Build.0 = Debug|Any CPU
		{9314BC44-B59C-4C63-BD41-C611B12F331A}.Release|Any CPU.ActiveCfg = Release|Any CPU
		{9314BC44-B59C-4C63-BD41-C611B12F331A}.Release|Any CPU.Build.0 = Release|Any CPU
		{9314BC44-B59C-4C63-BD41-C611B12F331A}.Release|x64.ActiveCfg = Release|Any CPU
		{9314BC44-B59C-4C63-BD41-C611B12F331A}.Release|x64.Build.0 = Release|Any CPU
		{9314BC44-B59C-4C63-BD41-C611B12F331A}.Release|x86.ActiveCfg = Release|Any CPU
		{9314BC44-B59C-4C63-BD41-C611B12F331A}.Release|x86.Build.0 = Release|Any CPU
		{F77894A6-97A2-4FFD-B45A-93A045929CB0}.Debug|Any CPU.ActiveCfg = Debug|Any CPU
		{F77894A6-97A2-4FFD-B45A-93A045929CB0}.Debug|Any CPU.Build.0 = Debug|Any CPU
		{F77894A6-97A2-4FFD-B45A-93A045929CB0}.Debug|x64.ActiveCfg = Debug|Any CPU
		{F77894A6-97A2-4FFD-B45A-93A045929CB0}.Debug|x64.Build.0 = Debug|Any CPU
		{F77894A6-97A2-4FFD-B45A-93A045929CB0}.Debug|x86.ActiveCfg = Debug|Any CPU
		{F77894A6-97A2-4FFD-B45A-93A045929CB0}.Debug|x86.Build.0 = Debug|Any CPU
		{F77894A6-97A2-4FFD-B45A-93A045929CB0}.Release|Any CPU.ActiveCfg = Release|Any CPU
		{F77894A6-97A2-4FFD-B45A-93A045929CB0}.Release|Any CPU.Build.0 = Release|Any CPU
		{F77894A6-97A2-4FFD-B45A-93A045929CB0}.Release|x64.ActiveCfg = Release|Any CPU
		{F77894A6-97A2-4FFD-B45A-93A045929CB0}.Release|x64.Build.0 = Release|Any CPU
		{F77894A6-97A2-4FFD-B45A-93A045929CB0}.Release|x86.ActiveCfg = Release|Any CPU
		{F77894A6-97A2-4FFD-B45A-93A045929CB0}.Release|x86.Build.0 = Release|Any CPU
		{865B494E-84B3-410D-932C-CC18A83D8233}.Debug|Any CPU.ActiveCfg = Debug|Any CPU
		{865B494E-84B3-410D-932C-CC18A83D8233}.Debug|Any CPU.Build.0 = Debug|Any CPU
		{865B494E-84B3-410D-932C-CC18A83D8233}.Debug|x64.ActiveCfg = Debug|Any CPU
		{865B494E-84B3-410D-932C-CC18A83D8233}.Debug|x64.Build.0 = Debug|Any CPU
		{865B494E-84B3-410D-932C-CC18A83D8233}.Debug|x86.ActiveCfg = Debug|Any CPU
		{865B494E-84B3-410D-932C-CC18A83D8233}.Debug|x86.Build.0 = Debug|Any CPU
		{865B494E-84B3-410D-932C-CC18A83D8233}.Release|Any CPU.ActiveCfg = Release|Any CPU
		{865B494E-84B3-410D-932C-CC18A83D8233}.Release|Any CPU.Build.0 = Release|Any CPU
		{865B494E-84B3-410D-932C-CC18A83D8233}.Release|x64.ActiveCfg = Release|Any CPU
		{865B494E-84B3-410D-932C-CC18A83D8233}.Release|x64.Build.0 = Release|Any CPU
		{865B494E-84B3-410D-932C-CC18A83D8233}.Release|x86.ActiveCfg = Release|Any CPU
		{865B494E-84B3-410D-932C-CC18A83D8233}.Release|x86.Build.0 = Release|Any CPU
		{31473909-60FF-409B-AF09-B81298217A41}.Debug|Any CPU.ActiveCfg = Debug|Any CPU
		{31473909-60FF-409B-AF09-B81298217A41}.Debug|Any CPU.Build.0 = Debug|Any CPU
		{31473909-60FF-409B-AF09-B81298217A41}.Debug|x64.ActiveCfg = Debug|Any CPU
		{31473909-60FF-409B-AF09-B81298217A41}.Debug|x64.Build.0 = Debug|Any CPU
		{31473909-60FF-409B-AF09-B81298217A41}.Debug|x86.ActiveCfg = Debug|Any CPU
		{31473909-60FF-409B-AF09-B81298217A41}.Debug|x86.Build.0 = Debug|Any CPU
		{31473909-60FF-409B-AF09-B81298217A41}.Release|Any CPU.ActiveCfg = Release|Any CPU
		{31473909-60FF-409B-AF09-B81298217A41}.Release|Any CPU.Build.0 = Release|Any CPU
		{31473909-60FF-409B-AF09-B81298217A41}.Release|x64.ActiveCfg = Release|Any CPU
		{31473909-60FF-409B-AF09-B81298217A41}.Release|x64.Build.0 = Release|Any CPU
		{31473909-60FF-409B-AF09-B81298217A41}.Release|x86.ActiveCfg = Release|Any CPU
		{31473909-60FF-409B-AF09-B81298217A41}.Release|x86.Build.0 = Release|Any CPU
		{F2401937-DA2D-46CD-BBED-617A12C1310D}.Debug|Any CPU.ActiveCfg = Debug|Any CPU
		{F2401937-DA2D-46CD-BBED-617A12C1310D}.Debug|Any CPU.Build.0 = Debug|Any CPU
		{F2401937-DA2D-46CD-BBED-617A12C1310D}.Debug|x64.ActiveCfg = Debug|Any CPU
		{F2401937-DA2D-46CD-BBED-617A12C1310D}.Debug|x64.Build.0 = Debug|Any CPU
		{F2401937-DA2D-46CD-BBED-617A12C1310D}.Debug|x86.ActiveCfg = Debug|Any CPU
		{F2401937-DA2D-46CD-BBED-617A12C1310D}.Debug|x86.Build.0 = Debug|Any CPU
		{F2401937-DA2D-46CD-BBED-617A12C1310D}.Release|Any CPU.ActiveCfg = Release|Any CPU
		{F2401937-DA2D-46CD-BBED-617A12C1310D}.Release|Any CPU.Build.0 = Release|Any CPU
		{F2401937-DA2D-46CD-BBED-617A12C1310D}.Release|x64.ActiveCfg = Release|Any CPU
		{F2401937-DA2D-46CD-BBED-617A12C1310D}.Release|x64.Build.0 = Release|Any CPU
		{F2401937-DA2D-46CD-BBED-617A12C1310D}.Release|x86.ActiveCfg = Release|Any CPU
		{F2401937-DA2D-46CD-BBED-617A12C1310D}.Release|x86.Build.0 = Release|Any CPU
		{52D19D39-3809-47C6-B3D5-8E5CA4775974}.Debug|Any CPU.ActiveCfg = Debug|Any CPU
		{52D19D39-3809-47C6-B3D5-8E5CA4775974}.Debug|Any CPU.Build.0 = Debug|Any CPU
		{52D19D39-3809-47C6-B3D5-8E5CA4775974}.Debug|x64.ActiveCfg = Debug|Any CPU
		{52D19D39-3809-47C6-B3D5-8E5CA4775974}.Debug|x64.Build.0 = Debug|Any CPU
		{52D19D39-3809-47C6-B3D5-8E5CA4775974}.Debug|x86.ActiveCfg = Debug|Any CPU
		{52D19D39-3809-47C6-B3D5-8E5CA4775974}.Debug|x86.Build.0 = Debug|Any CPU
		{52D19D39-3809-47C6-B3D5-8E5CA4775974}.Release|Any CPU.ActiveCfg = Release|Any CPU
		{52D19D39-3809-47C6-B3D5-8E5CA4775974}.Release|Any CPU.Build.0 = Release|Any CPU
		{52D19D39-3809-47C6-B3D5-8E5CA4775974}.Release|x64.ActiveCfg = Release|Any CPU
		{52D19D39-3809-47C6-B3D5-8E5CA4775974}.Release|x64.Build.0 = Release|Any CPU
		{52D19D39-3809-47C6-B3D5-8E5CA4775974}.Release|x86.ActiveCfg = Release|Any CPU
		{52D19D39-3809-47C6-B3D5-8E5CA4775974}.Release|x86.Build.0 = Release|Any CPU
		{798E2824-ADB9-4062-8A47-FD467E8926E2}.Debug|Any CPU.ActiveCfg = Debug|Any CPU
		{798E2824-ADB9-4062-8A47-FD467E8926E2}.Debug|Any CPU.Build.0 = Debug|Any CPU
		{798E2824-ADB9-4062-8A47-FD467E8926E2}.Debug|x64.ActiveCfg = Debug|Any CPU
		{798E2824-ADB9-4062-8A47-FD467E8926E2}.Debug|x64.Build.0 = Debug|Any CPU
		{798E2824-ADB9-4062-8A47-FD467E8926E2}.Debug|x86.ActiveCfg = Debug|Any CPU
		{798E2824-ADB9-4062-8A47-FD467E8926E2}.Debug|x86.Build.0 = Debug|Any CPU
		{798E2824-ADB9-4062-8A47-FD467E8926E2}.Release|Any CPU.ActiveCfg = Release|Any CPU
		{798E2824-ADB9-4062-8A47-FD467E8926E2}.Release|Any CPU.Build.0 = Release|Any CPU
		{798E2824-ADB9-4062-8A47-FD467E8926E2}.Release|x64.ActiveCfg = Release|Any CPU
		{798E2824-ADB9-4062-8A47-FD467E8926E2}.Release|x64.Build.0 = Release|Any CPU
		{798E2824-ADB9-4062-8A47-FD467E8926E2}.Release|x86.ActiveCfg = Release|Any CPU
		{798E2824-ADB9-4062-8A47-FD467E8926E2}.Release|x86.Build.0 = Release|Any CPU
		{103D41BF-A076-474E-A2F2-C72050FB5FC4}.Debug|Any CPU.ActiveCfg = Debug|Any CPU
		{103D41BF-A076-474E-A2F2-C72050FB5FC4}.Debug|Any CPU.Build.0 = Debug|Any CPU
		{103D41BF-A076-474E-A2F2-C72050FB5FC4}.Debug|x64.ActiveCfg = Debug|Any CPU
		{103D41BF-A076-474E-A2F2-C72050FB5FC4}.Debug|x64.Build.0 = Debug|Any CPU
		{103D41BF-A076-474E-A2F2-C72050FB5FC4}.Debug|x86.ActiveCfg = Debug|Any CPU
		{103D41BF-A076-474E-A2F2-C72050FB5FC4}.Debug|x86.Build.0 = Debug|Any CPU
		{103D41BF-A076-474E-A2F2-C72050FB5FC4}.Release|Any CPU.ActiveCfg = Release|Any CPU
		{103D41BF-A076-474E-A2F2-C72050FB5FC4}.Release|Any CPU.Build.0 = Release|Any CPU
		{103D41BF-A076-474E-A2F2-C72050FB5FC4}.Release|x64.ActiveCfg = Release|Any CPU
		{103D41BF-A076-474E-A2F2-C72050FB5FC4}.Release|x64.Build.0 = Release|Any CPU
		{103D41BF-A076-474E-A2F2-C72050FB5FC4}.Release|x86.ActiveCfg = Release|Any CPU
		{103D41BF-A076-474E-A2F2-C72050FB5FC4}.Release|x86.Build.0 = Release|Any CPU
	EndGlobalSection
	GlobalSection(SolutionProperties) = preSolution
		HideSolutionNode = FALSE
	EndGlobalSection
	GlobalSection(ExtensibilityGlobals) = postSolution
		SolutionGuid = {404D1B33-91FD-4FE5-A289-8160280A18F9}
	EndGlobalSection
EndGlobal
